
Microsoft Visual Studio Solution File, Format Version 12.00
# Visual Studio 2013
Project("{FAE04EC0-301F-11D3-BF4B-00C04F79EFBC}") = "Glow_Unity.CSharp", "Glow_Unity.CSharp.csproj", "{0E12CF43-A01A-DD62-38FD-8EEB9BFD8072}"
EndProject
Global
	GlobalSection(SolutionConfigurationPlatforms) = preSolution
		Debug|Any CPU = Debug|Any CPU
		Release|Any CPU = Release|Any CPU
	EndGlobalSection
	GlobalSection(ProjectConfigurationPlatforms) = postSolution
		{0E12CF43-A01A-DD62-38FD-8EEB9BFD8072}.Debug|Any CPU.ActiveCfg = Debug|Any CPU
		{0E12CF43-A01A-DD62-38FD-8EEB9BFD8072}.Debug|Any CPU.Build.0 = Debug|Any CPU
		{0E12CF43-A01A-DD62-38FD-8EEB9BFD8072}.Release|Any CPU.ActiveCfg = Release|Any CPU
		{0E12CF43-A01A-DD62-38FD-8EEB9BFD8072}.Release|Any CPU.Build.0 = Release|Any CPU
	EndGlobalSection
	GlobalSection(SolutionProperties) = preSolution
		HideSolutionNode = FALSE
	EndGlobalSection
EndGlobal
