Microsoft Visual Studio Solution File, Format Version 11.00
# Visual Studio 2008

Project("{BA415790-7945-F435-D658-3D6F738FBCD7}") = "Glow_Unity", "Assembly-CSharp.csproj", "{2518F4AB-DFA1-C4CB-43E8-3BFF7F0183F4}"
EndProject
Global
	GlobalSection(SolutionConfigurationPlatforms) = preSolution
		Debug|Any CPU = Debug|Any CPU
		Release|Any CPU = Release|Any CPU
	EndGlobalSection
	GlobalSection(ProjectConfigurationPlatforms) = postSolution
		{2518F4AB-DFA1-C4CB-43E8-3BFF7F0183F4}.Debug|Any CPU.ActiveCfg = Debug|Any CPU
		{2518F4AB-DFA1-C4CB-43E8-3BFF7F0183F4}.Debug|Any CPU.Build.0 = Debug|Any CPU
		{2518F4AB-DFA1-C4CB-43E8-3BFF7F0183F4}.Release|Any CPU.ActiveCfg = Release|Any CPU
		{2518F4AB-DFA1-C4CB-43E8-3BFF7F0183F4}.Release|Any CPU.Build.0 = Release|Any CPU
	EndGlobalSection
	GlobalSection(SolutionProperties) = preSolution
		HideSolutionNode = FALSE
	EndGlobalSection
	GlobalSection(MonoDevelopProperties) = preSolution
		StartupItem = Assembly-CSharp.csproj
	EndGlobalSection
EndGlobal
