Microsoft Visual Studio Solution File, Format Version 11.00
# Visual Studio 2008

Project("{46537BCB-A40E-A2FE-E369-DFE81330E94A}") = "Glow_Prototype", "Assembly-CSharp.csproj", "{8BBC294A-2164-1A0F-233E-6E801C1EF573}"
EndProject
Global
	GlobalSection(SolutionConfigurationPlatforms) = preSolution
		Debug|Any CPU = Debug|Any CPU
		Release|Any CPU = Release|Any CPU
	EndGlobalSection
	GlobalSection(ProjectConfigurationPlatforms) = postSolution
		{8BBC294A-2164-1A0F-233E-6E801C1EF573}.Debug|Any CPU.ActiveCfg = Debug|Any CPU
		{8BBC294A-2164-1A0F-233E-6E801C1EF573}.Debug|Any CPU.Build.0 = Debug|Any CPU
		{8BBC294A-2164-1A0F-233E-6E801C1EF573}.Release|Any CPU.ActiveCfg = Release|Any CPU
		{8BBC294A-2164-1A0F-233E-6E801C1EF573}.Release|Any CPU.Build.0 = Release|Any CPU
	EndGlobalSection
	GlobalSection(SolutionProperties) = preSolution
		HideSolutionNode = FALSE
	EndGlobalSection
	GlobalSection(MonoDevelopProperties) = preSolution
		StartupItem = Assembly-CSharp.csproj
	EndGlobalSection
EndGlobal
